
Microsoft Visual Studio Solution File, Format Version 12.00
# Visual Studio Version 16
VisualStudioVersion = 16.0.31005.135
MinimumVisualStudioVersion = 10.0.40219.1
Project("{FAE04EC0-301F-11D3-BF4B-00C04F79EFBC}") = "FactTestQuestSoda", "FactTestQuestSoda\FactTestQuestSoda.csproj", "{DA92CF01-D1B4-44AE-9C8F-C12103D10C13}"
EndProject
Global
	GlobalSection(SolutionConfigurationPlatforms) = preSolution
		Debug|Any CPU = Debug|Any CPU
		Release|Any CPU = Release|Any CPU
	EndGlobalSection
	GlobalSection(ProjectConfigurationPlatforms) = postSolution
		{DA92CF01-D1B4-44AE-9C8F-C12103D10C13}.Debug|Any CPU.ActiveCfg = Debug|Any CPU
		{DA92CF01-D1B4-44AE-9C8F-C12103D10C13}.Debug|Any CPU.Build.0 = Debug|Any CPU
		{DA92CF01-D1B4-44AE-9C8F-C12103D10C13}.Release|Any CPU.ActiveCfg = Release|Any CPU
		{DA92CF01-D1B4-44AE-9C8F-C12103D10C13}.Release|Any CPU.Build.0 = Release|Any CPU
	EndGlobalSection
	GlobalSection(SolutionProperties) = preSolution
		HideSolutionNode = FALSE
	EndGlobalSection
	GlobalSection(ExtensibilityGlobals) = postSolution
		SolutionGuid = {D4B2D4D6-8749-4B33-A9AA-0410CEB3179C}
	EndGlobalSection
EndGlobal
